
Microsoft Visual Studio Solution File, Format Version 12.00
# Visual Studio Version 17
VisualStudioVersion = 17.9.34607.119
MinimumVisualStudioVersion = 10.0.40219.1
Project("{9A19103F-16F7-4668-BE54-9A1E7A4F7556}") = "RealTimeChatAppWithSignalR", "RealTimeChatAppWithSignalR\RealTimeChatAppWithSignalR.csproj", "{54B943A5-8B79-453B-B8CF-50EF30910BEF}"
EndProject
Project("{FAE04EC0-301F-11D3-BF4B-00C04F79EFBC}") = "ClientChatApp", "ClientChatApp\ClientChatApp.csproj", "{FB6EC0C1-4E65-4E3C-83B7-8D46AD051812}"
EndProject
Global
	GlobalSection(SolutionConfigurationPlatforms) = preSolution
		Debug|Any CPU = Debug|Any CPU
		Release|Any CPU = Release|Any CPU
	EndGlobalSection
	GlobalSection(ProjectConfigurationPlatforms) = postSolution
		{54B943A5-8B79-453B-B8CF-50EF30910BEF}.Debug|Any CPU.ActiveCfg = Debug|Any CPU
		{54B943A5-8B79-453B-B8CF-50EF30910BEF}.Debug|Any CPU.Build.0 = Debug|Any CPU
		{54B943A5-8B79-453B-B8CF-50EF30910BEF}.Release|Any CPU.ActiveCfg = Release|Any CPU
		{54B943A5-8B79-453B-B8CF-50EF30910BEF}.Release|Any CPU.Build.0 = Release|Any CPU
		{FB6EC0C1-4E65-4E3C-83B7-8D46AD051812}.Debug|Any CPU.ActiveCfg = Debug|Any CPU
		{FB6EC0C1-4E65-4E3C-83B7-8D46AD051812}.Debug|Any CPU.Build.0 = Debug|Any CPU
		{FB6EC0C1-4E65-4E3C-83B7-8D46AD051812}.Release|Any CPU.ActiveCfg = Release|Any CPU
		{FB6EC0C1-4E65-4E3C-83B7-8D46AD051812}.Release|Any CPU.Build.0 = Release|Any CPU
	EndGlobalSection
	GlobalSection(SolutionProperties) = preSolution
		HideSolutionNode = FALSE
	EndGlobalSection
	GlobalSection(ExtensibilityGlobals) = postSolution
		SolutionGuid = {D66D49E1-5BDD-4E4D-AFB6-6B3D7E095A9A}
	EndGlobalSection
EndGlobal
